// !$*UTF8*$!
{
	archiveVersion = 1;
	classes = {
	};
	objectVersion = 50;
	objects = {

/* Begin PBXBuildFile section */
		2538957E22992577002E21CA /* AppDelegate.swift in Sources */ = {isa = PBXBuildFile; fileRef = 2538957D22992577002E21CA /* AppDelegate.swift */; };
		2538958022992577002E21CA /* ViewController.swift in Sources */ = {isa = PBXBuildFile; fileRef = 2538957F22992577002E21CA /* ViewController.swift */; };
		2538958322992577002E21CA /* Main.storyboard in Resources */ = {isa = PBXBuildFile; fileRef = 2538958122992577002E21CA /* Main.storyboard */; };
		2538958522992578002E21CA /* Assets.xcassets in Resources */ = {isa = PBXBuildFile; fileRef = 2538958422992578002E21CA /* Assets.xcassets */; };
		2538958822992578002E21CA /* LaunchScreen.storyboard in Resources */ = {isa = PBXBuildFile; fileRef = 2538958622992578002E21CA /* LaunchScreen.storyboard */; };
		259E9707229934D0006D9656 /* ViewEx.swift in Sources */ = {isa = PBXBuildFile; fileRef = 259E9706229934D0006D9656 /* ViewEx.swift */; };
		259E970922993527006D9656 /* AttachmentView.xib in Resources */ = {isa = PBXBuildFile; fileRef = 259E970822993527006D9656 /* AttachmentView.xib */; };
/* End PBXBuildFile section */

/* Begin PBXFileReference section */
		2538957A22992577002E21CA /* attach_view_in_textview.app */ = {isa = PBXFileReference; explicitFileType = wrapper.application; includeInIndex = 0; path = attach_view_in_textview.app; sourceTree = BUILT_PRODUCTS_DIR; };
		2538957D22992577002E21CA /* AppDelegate.swift */ = {isa = PBXFileReference; lastKnownFileType = sourcecode.swift; path = AppDelegate.swift; sourceTree = "<group>"; };
		2538957F22992577002E21CA /* ViewController.swift */ = {isa = PBXFileReference; lastKnownFileType = sourcecode.swift; path = ViewController.swift; sourceTree = "<group>"; };
		2538958222992577002E21CA /* Base */ = {isa = PBXFileReference; lastKnownFileType = file.storyboard; name = Base; path = Base.lproj/Main.storyboard; sourceTree = "<group>"; };
		2538958422992578002E21CA /* Assets.xcassets */ = {isa = PBXFileReference; lastKnownFileType = folder.assetcatalog; path = Assets.xcassets; sourceTree = "<group>"; };
		2538958722992578002E21CA /* Base */ = {isa = PBXFileReference; lastKnownFileType = file.storyboard; name = Base; path = Base.lproj/LaunchScreen.storyboard; sourceTree = "<group>"; };
		2538958922992578002E21CA /* Info.plist */ = {isa = PBXFileReference; lastKnownFileType = text.plist.xml; path = Info.plist; sourceTree = "<group>"; };
		259E9706229934D0006D9656 /* ViewEx.swift */ = {isa = PBXFileReference; lastKnownFileType = sourcecode.swift; path = ViewEx.swift; sourceTree = "<group>"; };
		259E970822993527006D9656 /* AttachmentView.xib */ = {isa = PBXFileReference; lastKnownFileType = file.xib; path = AttachmentView.xib; sourceTree = "<group>"; };
/* End PBXFileReference section */

/* Begin PBXFrameworksBuildPhase section */
		2538957722992577002E21CA /* Frameworks */ = {
			isa = PBXFrameworksBuildPhase;
			buildActionMask = 2147483647;
			files = (
			);
			runOnlyForDeploymentPostprocessing = 0;
		};
/* End PBXFrameworksBuildPhase section */

/* Begin PBXGroup section */
		2538957122992577002E21CA = {
			isa = PBXGroup;
			children = (
				2538957C22992577002E21CA /* attach_view_in_textview */,
				2538957B22992577002E21CA /* Products */,
			);
			sourceTree = "<group>";
		};
		2538957B22992577002E21CA /* Products */ = {
			isa = PBXGroup;
			children = (
				2538957A22992577002E21CA /* attach_view_in_textview.app */,
			);
			name = Products;
			sourceTree = "<group>";
		};
		2538957C22992577002E21CA /* attach_view_in_textview */ = {
			isa = PBXGroup;
			children = (
				2538957D22992577002E21CA /* AppDelegate.swift */,
				2538957F22992577002E21CA /* ViewController.swift */,
				2538958122992577002E21CA /* Main.storyboard */,
				2538958422992578002E21CA /* Assets.xcassets */,
				2538958622992578002E21CA /* LaunchScreen.storyboard */,
				2538958922992578002E21CA /* Info.plist */,
				259E9706229934D0006D9656 /* ViewEx.swift */,
				259E970822993527006D9656 /* AttachmentView.xib */,
			);
			path = attach_view_in_textview;
			sourceTree = "<group>";
		};
/* End PBXGroup section */

/* Begin PBXNativeTarget section */
		2538957922992577002E21CA /* attach_view_in_textview */ = {
			isa = PBXNativeTarget;
			buildConfigurationList = 2538958C22992578002E21CA /* Build configuration list for PBXNativeTarget "attach_view_in_textview" */;
			buildPhases = (
				2538957622992577002E21CA /* Sources */,
				2538957722992577002E21CA /* Frameworks */,
				2538957822992577002E21CA /* Resources */,
			);
			buildRules = (
			);
			dependencies = (
			);
			name = attach_view_in_textview;
			productName = attach_view_in_textview;
			productReference = 2538957A22992577002E21CA /* attach_view_in_textview.app */;
			productType = "com.apple.product-type.application";
		};
/* End PBXNativeTarget section */

/* Begin PBXProject section */
		2538957222992577002E21CA /* Project object */ = {
			isa = PBXProject;
			attributes = {
				LastSwiftUpdateCheck = 1020;
				LastUpgradeCheck = 1020;
				ORGANIZATIONNAME = AamirR;
				TargetAttributes = {
					2538957922992577002E21CA = {
						CreatedOnToolsVersion = 10.2;
					};
				};
			};
			buildConfigurationList = 2538957522992577002E21CA /* Build configuration list for PBXProject "attach_view_in_textview" */;
			compatibilityVersion = "Xcode 9.3";
			developmentRegion = en;
			hasScannedForEncodings = 0;
			knownRegions = (
				en,
				Base,
			);
			mainGroup = 2538957122992577002E21CA;
			productRefGroup = 2538957B22992577002E21CA /* Products */;
			projectDirPath = "";
			projectRoot = "";
			targets = (
				2538957922992577002E21CA /* attach_view_in_textview */,
			);
		};
/* End PBXProject section */

/* Begin PBXResourcesBuildPhase section */
		2538957822992577002E21CA /* Resources */ = {
			isa = PBXResourcesBuildPhase;
			buildActionMask = 2147483647;
			files = (
				2538958822992578002E21CA /* LaunchScreen.storyboard in Resources */,
				2538958522992578002E21CA /* Assets.xcassets in Resources */,
				2538958322992577002E21CA /* Main.storyboard in Resources */,
				259E970922993527006D9656 /* AttachmentView.xib in Resources */,
			);
			runOnlyForDeploymentPostprocessing = 0;
		};
/* End PBXResourcesBuildPhase section */

/* Begin PBXSourcesBuildPhase section */
		2538957622992577002E21CA /* Sources */ = {
			isa = PBXSourcesBuildPhase;
			buildActionMask = 2147483647;
			files = (
				2538958022992577002E21CA /* ViewController.swift in Sources */,
				2538957E22992577002E21CA /* AppDelegate.swift in Sources */,
				259E9707229934D0006D9656 /* ViewEx.swift in Sources */,
			);
			runOnlyForDeploymentPostprocessing = 0;
		};
/* End PBXSourcesBuildPhase section */

/* Begin PBXVariantGroup section */
		2538958122992577002E21CA /* Main.storyboard */ = {
			isa = PBXVariantGroup;
			children = (
				2538958222992577002E21CA /* Base */,
			);
			name = Main.storyboard;
			sourceTree = "<group>";
		};
		2538958622992578002E21CA /* LaunchScreen.storyboard */ = {
			isa = PBXVariantGroup;
			children = (
				2538958722992578002E21CA /* Base */,
			);
			name = LaunchScreen.storyboard;
			sourceTree = "<group>";
		};
/* End PBXVariantGroup section */

/* Begin XCBuildConfiguration section */
		2538958A22992578002E21CA /* Debug */ = {
			isa = XCBuildConfiguration;
			buildSettings = {
				ALWAYS_SEARCH_USER_PATHS = NO;
				CLANG_ANALYZER_NONNULL = YES;
				CLANG_ANALYZER_NUMBER_OBJECT_CONVERSION = YES_AGGRESSIVE;
				CLANG_CXX_LANGUAGE_STANDARD = "gnu++14";
				CLANG_CXX_LIBRARY = "libc++";
				CLANG_ENABLE_MODULES = YES;
				CLANG_ENABLE_OBJC_ARC = YES;
				CLANG_ENABLE_OBJC_WEAK = YES;
				CLANG_WARN_BLOCK_CAPTURE_AUTORELEASING = YES;
				CLANG_WARN_BOOL_CONVERSION = YES;
				CLANG_WARN_COMMA = YES;
				CLANG_WARN_CONSTANT_CONVERSION = YES;
				CLANG_WARN_DEPRECATED_OBJC_IMPLEMENTATIONS = YES;
				CLANG_WARN_DIRECT_OBJC_ISA_USAGE = YES_ERROR;
				CLANG_WARN_DOCUMENTATION_COMMENTS = YES;
				CLANG_WARN_EMPTY_BODY = YES;
				CLANG_WARN_ENUM_CONVERSION = YES;
				CLANG_WARN_INFINITE_RECURSION = YES;
				CLANG_WARN_INT_CONVERSION = YES;
				CLANG_WARN_NON_LITERAL_NULL_CONVERSION = YES;
				CLANG_WARN_OBJC_IMPLICIT_RETAIN_SELF = YES;
				CLANG_WARN_OBJC_LITERAL_CONVERSION = YES;
				CLANG_WARN_OBJC_ROOT_CLASS = YES_ERROR;
				CLANG_WARN_RANGE_LOOP_ANALYSIS = YES;
				CLANG_WARN_STRICT_PROTOTYPES = YES;
				CLANG_WARN_SUSPICIOUS_MOVE = YES;
				CLANG_WARN_UNGUARDED_AVAILABILITY = YES_AGGRESSIVE;
				CLANG_WARN_UNREACHABLE_CODE = YES;
				CLANG_WARN__DUPLICATE_METHOD_MATCH = YES;
				CODE_SIGN_IDENTITY = "iPhone Developer";
				COPY_PHASE_STRIP = NO;
				DEBUG_INFORMATION_FORMAT = dwarf;
				ENABLE_STRICT_OBJC_MSGSEND = YES;
				ENABLE_TESTABILITY = YES;
				GCC_C_LANGUAGE_STANDARD = gnu11;
				GCC_DYNAMIC_NO_PIC = NO;
				GCC_NO_COMMON_BLOCKS = YES;
				GCC_OPTIMIZATION_LEVEL = 0;
				GCC_PREPROCESSOR_DEFINITIONS = (
					"DEBUG=1",
					"$(inherited)",
				);
				GCC_WARN_64_TO_32_BIT_CONVERSION = YES;
				GCC_WARN_ABOUT_RETURN_TYPE = YES_ERROR;
				GCC_WARN_UNDECLARED_SELECTOR = YES;
				GCC_WARN_UNINITIALIZED_AUTOS = YES_AGGRESSIVE;
				GCC_WARN_UNUSED_FUNCTION = YES;
				GCC_WARN_UNUSED_VARIABLE = YES;
				IPHONEOS_DEPLOYMENT_TARGET = 9.3;
				MTL_ENABLE_DEBUG_INFO = INCLUDE_SOURCE;
				MTL_FAST_MATH = YES;
				ONLY_ACTIVE_ARCH = YES;
				SDKROOT = iphoneos;
				SWIFT_ACTIVE_COMPILATION_CONDITIONS = DEBUG;
				SWIFT_OPTIMIZATION_LEVEL = "-Onone";
			};
			name = Debug;
		};
		2538958B22992578002E21CA /* Release */ = {
			isa = XCBuildConfiguration;
			buildSettings = {
				ALWAYS_SEARCH_USER_PATHS = NO;
				CLANG_ANALYZER_NONNULL = YES;
				CLANG_ANALYZER_NUMBER_OBJECT_CONVERSION = YES_AGGRESSIVE;
				CLANG_CXX_LANGUAGE_STANDARD = "gnu++14";
				CLANG_CXX_LIBRARY = "libc++";
				CLANG_ENABLE_MODULES = YES;
				CLANG_ENABLE_OBJC_ARC = YES;
				CLANG_ENABLE_OBJC_WEAK = YES;
				CLANG_WARN_BLOCK_CAPTURE_AUTORELEASING = YES;
				CLANG_WARN_BOOL_CONVERSION = YES;
				CLANG_WARN_COMMA = YES;
				CLANG_WARN_CONSTANT_CONVERSION = YES;
				CLANG_WARN_DEPRECATED_OBJC_IMPLEMENTATIONS = YES;
				CLANG_WARN_DIRECT_OBJC_ISA_USAGE = YES_ERROR;
				CLANG_WARN_DOCUMENTATION_COMMENTS = YES;
				CLANG_WARN_EMPTY_BODY = YES;
				CLANG_WARN_ENUM_CONVERSION = YES;
				CLANG_WARN_INFINITE_RECURSION = YES;
				CLANG_WARN_INT_CONVERSION = YES;
				CLANG_WARN_NON_LITERAL_NULL_CONVERSION = YES;
				CLANG_WARN_OBJC_IMPLICIT_RETAIN_SELF = YES;
				CLANG_WARN_OBJC_LITERAL_CONVERSION = YES;
				CLANG_WARN_OBJC_ROOT_CLASS = YES_ERROR;
				CLANG_WARN_RANGE_LOOP_ANALYSIS = YES;
				CLANG_WARN_STRICT_PROTOTYPES = YES;
				CLANG_WARN_SUSPICIOUS_MOVE = YES;
				CLANG_WARN_UNGUARDED_AVAILABILITY = YES_AGGRESSIVE;
				CLANG_WARN_UNREACHABLE_CODE = YES;
				CLANG_WARN__DUPLICATE_METHOD_MATCH = YES;
				CODE_SIGN_IDENTITY = "iPhone Developer";
				COPY_PHASE_STRIP = NO;
				DEBUG_INFORMATION_FORMAT = "dwarf-with-dsym";
				ENABLE_NS_ASSERTIONS = NO;
				ENABLE_STRICT_OBJC_MSGSEND = YES;
				GCC_C_LANGUAGE_STANDARD = gnu11;
				GCC_NO_COMMON_BLOCKS = YES;
				GCC_WARN_64_TO_32_BIT_CONVERSION = YES;
				GCC_WARN_ABOUT_RETURN_TYPE = YES_ERROR;
				GCC_WARN_UNDECLARED_SELECTOR = YES;
				GCC_WARN_UNINITIALIZED_AUTOS = YES_AGGRESSIVE;
				GCC_WARN_UNUSED_FUNCTION = YES;
				GCC_WARN_UNUSED_VARIABLE = YES;
				IPHONEOS_DEPLOYMENT_TARGET = 9.3;
				MTL_ENABLE_DEBUG_INFO = NO;
				MTL_FAST_MATH = YES;
				SDKROOT = iphoneos;
				SWIFT_COMPILATION_MODE = wholemodule;
				SWIFT_OPTIMIZATION_LEVEL = "-O";
				VALIDATE_PRODUCT = YES;
			};
			name = Release;
		};
		2538958D22992578002E21CA /* Debug */ = {
			isa = XCBuildConfiguration;
			buildSettings = {
				ASSETCATALOG_COMPILER_APPICON_NAME = AppIcon;
				CODE_SIGN_STYLE = Automatic;
				INFOPLIST_FILE = attach_view_in_textview/Info.plist;
				LD_RUNPATH_SEARCH_PATHS = (
					"$(inherited)",
					"@executable_path/Frameworks",
				);
				PRODUCT_BUNDLE_IDENTIFIER = "com.martoff.attach-view-in-textview";
				PRODUCT_NAME = "$(TARGET_NAME)";
				SWIFT_VERSION = 5.0;
				TARGETED_DEVICE_FAMILY = "1,2";
			};
			name = Debug;
		};
		2538958E22992578002E21CA /* Release */ = {
			isa = XCBuildConfiguration;
			buildSettings = {
				ASSETCATALOG_COMPILER_APPICON_NAME = AppIcon;
				CODE_SIGN_STYLE = Automatic;
				INFOPLIST_FILE = attach_view_in_textview/Info.plist;
				LD_RUNPATH_SEARCH_PATHS = (
					"$(inherited)",
					"@executable_path/Frameworks",
				);
				PRODUCT_BUNDLE_IDENTIFIER = "com.martoff.attach-view-in-textview";
				PRODUCT_NAME = "$(TARGET_NAME)";
				SWIFT_VERSION = 5.0;
				TARGETED_DEVICE_FAMILY = "1,2";
			};
			name = Release;
		};
/* End XCBuildConfiguration section */

/* Begin XCConfigurationList section */
		2538957522992577002E21CA /* Build configuration list for PBXProject "attach_view_in_textview" */ = {
			isa = XCConfigurationList;
			buildConfigurations = (
				2538958A22992578002E21CA /* Debug */,
				2538958B22992578002E21CA /* Release */,
			);
			defaultConfigurationIsVisible = 0;
			defaultConfigurationName = Release;
		};
		2538958C22992578002E21CA /* Build configuration list for PBXNativeTarget "attach_view_in_textview" */ = {
			isa = XCConfigurationList;
			buildConfigurations = (
				2538958D22992578002E21CA /* Debug */,
				2538958E22992578002E21CA /* Release */,
			);
			defaultConfigurationIsVisible = 0;
			defaultConfigurationName = Release;
		};
/* End XCConfigurationList section */
	};
	rootObject = 2538957222992577002E21CA /* Project object */;
}
